// !$*UTF8*$!
{
	archiveVersion = 1;
	classes = {
	};
	objectVersion = 55;
	objects = {

/* Begin PBXBuildFile section */
		0F60BF4228359ADB00854A4C /* RowItem.swift in Sources */ = {isa = PBXBuildFile; fileRef = 0F60BF4128359ADB00854A4C /* RowItem.swift */; };
		0F6B709C283287CA00F08396 /* TodoList.swift in Sources */ = {isa = PBXBuildFile; fileRef = 0F6B709B283287CA00F08396 /* TodoList.swift */; };
		0F6B70A328328DAA00F08396 /* todolist_item.swift in Sources */ = {isa = PBXBuildFile; fileRef = 0F6B70A228328DAA00F08396 /* todolist_item.swift */; };
		0F6B70A528328EF300F08396 /* todolistViewModel.swift in Sources */ = {isa = PBXBuildFile; fileRef = 0F6B70A428328EF300F08396 /* todolistViewModel.swift */; };
		0F6B70A72832A00C00F08396 /* Add_todo.swift in Sources */ = {isa = PBXBuildFile; fileRef = 0F6B70A62832A00C00F08396 /* Add_todo.swift */; };
		0F94AAAE283301EC008CD988 /* NoItemList.swift in Sources */ = {isa = PBXBuildFile; fileRef = 0F94AAAD283301EC008CD988 /* NoItemList.swift */; };
		0FFE1C292831AF8200373DAC /* TodoListApp.swift in Sources */ = {isa = PBXBuildFile; fileRef = 0FFE1C282831AF8200373DAC /* TodoListApp.swift */; };
		0FFE1C2D2831AF8300373DAC /* Assets.xcassets in Resources */ = {isa = PBXBuildFile; fileRef = 0FFE1C2C2831AF8300373DAC /* Assets.xcassets */; };
		0FFE1C302831AF8300373DAC /* Preview Assets.xcassets in Resources */ = {isa = PBXBuildFile; fileRef = 0FFE1C2F2831AF8300373DAC /* Preview Assets.xcassets */; };
/* End PBXBuildFile section */

/* Begin PBXFileReference section */
		0F60BF4128359ADB00854A4C /* RowItem.swift */ = {isa = PBXFileReference; lastKnownFileType = sourcecode.swift; path = RowItem.swift; sourceTree = "<group>"; };
		0F6B709B283287CA00F08396 /* TodoList.swift */ = {isa = PBXFileReference; lastKnownFileType = sourcecode.swift; path = TodoList.swift; sourceTree = "<group>"; };
		0F6B70A228328DAA00F08396 /* todolist_item.swift */ = {isa = PBXFileReference; lastKnownFileType = sourcecode.swift; path = todolist_item.swift; sourceTree = "<group>"; };
		0F6B70A428328EF300F08396 /* todolistViewModel.swift */ = {isa = PBXFileReference; lastKnownFileType = sourcecode.swift; path = todolistViewModel.swift; sourceTree = "<group>"; };
		0F6B70A62832A00C00F08396 /* Add_todo.swift */ = {isa = PBXFileReference; lastKnownFileType = sourcecode.swift; path = Add_todo.swift; sourceTree = "<group>"; };
		0F94AAAD283301EC008CD988 /* NoItemList.swift */ = {isa = PBXFileReference; lastKnownFileType = sourcecode.swift; path = NoItemList.swift; sourceTree = "<group>"; };
		0FFE1C252831AF8200373DAC /* TodoList.app */ = {isa = PBXFileReference; explicitFileType = wrapper.application; includeInIndex = 0; path = TodoList.app; sourceTree = BUILT_PRODUCTS_DIR; };
		0FFE1C282831AF8200373DAC /* TodoListApp.swift */ = {isa = PBXFileReference; lastKnownFileType = sourcecode.swift; path = TodoListApp.swift; sourceTree = "<group>"; };
		0FFE1C2C2831AF8300373DAC /* Assets.xcassets */ = {isa = PBXFileReference; lastKnownFileType = folder.assetcatalog; path = Assets.xcassets; sourceTree = "<group>"; };
		0FFE1C2F2831AF8300373DAC /* Preview Assets.xcassets */ = {isa = PBXFileReference; lastKnownFileType = folder.assetcatalog; path = "Preview Assets.xcassets"; sourceTree = "<group>"; };
/* End PBXFileReference section */

/* Begin PBXFrameworksBuildPhase section */
		0FFE1C222831AF8200373DAC /* Frameworks */ = {
			isa = PBXFrameworksBuildPhase;
			buildActionMask = 2147483647;
			files = (
			);
			runOnlyForDeploymentPostprocessing = 0;
		};
/* End PBXFrameworksBuildPhase section */

/* Begin PBXGroup section */
		0F6B709D28328D2900F08396 /* Models */ = {
			isa = PBXGroup;
			children = (
				0F6B70A228328DAA00F08396 /* todolist_item.swift */,
			);
			path = Models;
			sourceTree = "<group>";
		};
		0F6B709E28328D3300F08396 /* View */ = {
			isa = PBXGroup;
			children = (
				0F6B70A62832A00C00F08396 /* Add_todo.swift */,
				0F94AAAD283301EC008CD988 /* NoItemList.swift */,
				0F60BF4128359ADB00854A4C /* RowItem.swift */,
			);
			path = View;
			sourceTree = "<group>";
		};
		0F6B709F28328D5C00F08396 /* ViewModel */ = {
			isa = PBXGroup;
			children = (
				0F6B70A428328EF300F08396 /* todolistViewModel.swift */,
			);
			path = ViewModel;
			sourceTree = "<group>";
		};
		0FFE1C1C2831AF8200373DAC = {
			isa = PBXGroup;
			children = (
				0FFE1C272831AF8200373DAC /* TodoList */,
				0FFE1C262831AF8200373DAC /* Products */,
			);
			sourceTree = "<group>";
		};
		0FFE1C262831AF8200373DAC /* Products */ = {
			isa = PBXGroup;
			children = (
				0FFE1C252831AF8200373DAC /* TodoList.app */,
			);
			name = Products;
			sourceTree = "<group>";
		};
		0FFE1C272831AF8200373DAC /* TodoList */ = {
			isa = PBXGroup;
			children = (
				0F6B709F28328D5C00F08396 /* ViewModel */,
				0F6B709E28328D3300F08396 /* View */,
				0F6B709D28328D2900F08396 /* Models */,
				0FFE1C282831AF8200373DAC /* TodoListApp.swift */,
				0F6B709B283287CA00F08396 /* TodoList.swift */,
				0FFE1C2C2831AF8300373DAC /* Assets.xcassets */,
				0FFE1C2E2831AF8300373DAC /* Preview Content */,
			);
			path = TodoList;
			sourceTree = "<group>";
		};
		0FFE1C2E2831AF8300373DAC /* Preview Content */ = {
			isa = PBXGroup;
			children = (
				0FFE1C2F2831AF8300373DAC /* Preview Assets.xcassets */,
			);
			path = "Preview Content";
			sourceTree = "<group>";
		};
/* End PBXGroup section */

/* Begin PBXNativeTarget section */
		0FFE1C242831AF8200373DAC /* TodoList */ = {
			isa = PBXNativeTarget;
			buildConfigurationList = 0FFE1C332831AF8300373DAC /* Build configuration list for PBXNativeTarget "TodoList" */;
			buildPhases = (
				0FFE1C212831AF8200373DAC /* Sources */,
				0FFE1C222831AF8200373DAC /* Frameworks */,
				0FFE1C232831AF8200373DAC /* Resources */,
			);
			buildRules = (
			);
			dependencies = (
			);
			name = TodoList;
			productName = TodoList;
			productReference = 0FFE1C252831AF8200373DAC /* TodoList.app */;
			productType = "com.apple.product-type.application";
		};
/* End PBXNativeTarget section */

/* Begin PBXProject section */
		0FFE1C1D2831AF8200373DAC /* Project object */ = {
			isa = PBXProject;
			attributes = {
				BuildIndependentTargetsInParallel = 1;
				LastSwiftUpdateCheck = 1330;
				LastUpgradeCheck = 1330;
				TargetAttributes = {
					0FFE1C242831AF8200373DAC = {
						CreatedOnToolsVersion = 13.3;
					};
				};
			};
			buildConfigurationList = 0FFE1C202831AF8200373DAC /* Build configuration list for PBXProject "TodoList" */;
			compatibilityVersion = "Xcode 13.0";
			developmentRegion = en;
			hasScannedForEncodings = 0;
			knownRegions = (
				en,
				Base,
			);
			mainGroup = 0FFE1C1C2831AF8200373DAC;
			productRefGroup = 0FFE1C262831AF8200373DAC /* Products */;
			projectDirPath = "";
			projectRoot = "";
			targets = (
				0FFE1C242831AF8200373DAC /* TodoList */,
			);
		};
/* End PBXProject section */

/* Begin PBXResourcesBuildPhase section */
		0FFE1C232831AF8200373DAC /* Resources */ = {
			isa = PBXResourcesBuildPhase;
			buildActionMask = 2147483647;
			files = (
				0FFE1C302831AF8300373DAC /* Preview Assets.xcassets in Resources */,
				0FFE1C2D2831AF8300373DAC /* Assets.xcassets in Resources */,
			);
			runOnlyForDeploymentPostprocessing = 0;
		};
/* End PBXResourcesBuildPhase section */

/* Begin PBXSourcesBuildPhase section */
		0FFE1C212831AF8200373DAC /* Sources */ = {
			isa = PBXSourcesBuildPhase;
			buildActionMask = 2147483647;
			files = (
				0F6B70A528328EF300F08396 /* todolistViewModel.swift in Sources */,
				0F60BF4228359ADB00854A4C /* RowItem.swift in Sources */,
				0F6B70A72832A00C00F08396 /* Add_todo.swift in Sources */,
				0F6B70A328328DAA00F08396 /* todolist_item.swift in Sources */,
				0F6B709C283287CA00F08396 /* TodoList.swift in Sources */,
				0FFE1C292831AF8200373DAC /* TodoListApp.swift in Sources */,
				0F94AAAE283301EC008CD988 /* NoItemList.swift in Sources */,
			);
			runOnlyForDeploymentPostprocessing = 0;
		};
/* End PBXSourcesBuildPhase section */

/* Begin XCBuildConfiguration section */
		0FFE1C312831AF8300373DAC /* Debug */ = {
			isa = XCBuildConfiguration;
			buildSettings = {
				ALWAYS_SEARCH_USER_PATHS = NO;
				CLANG_ANALYZER_NONNULL = YES;
				CLANG_ANALYZER_NUMBER_OBJECT_CONVERSION = YES_AGGRESSIVE;
				CLANG_CXX_LANGUAGE_STANDARD = "gnu++17";
				CLANG_ENABLE_MODULES = YES;
				CLANG_ENABLE_OBJC_ARC = YES;
				CLANG_ENABLE_OBJC_WEAK = YES;
				CLANG_WARN_BLOCK_CAPTURE_AUTORELEASING = YES;
				CLANG_WARN_BOOL_CONVERSION = YES;
				CLANG_WARN_COMMA = YES;
				CLANG_WARN_CONSTANT_CONVERSION = YES;
				CLANG_WARN_DEPRECATED_OBJC_IMPLEMENTATIONS = YES;
				CLANG_WARN_DIRECT_OBJC_ISA_USAGE = YES_ERROR;
				CLANG_WARN_DOCUMENTATION_COMMENTS = YES;
				CLANG_WARN_EMPTY_BODY = YES;
				CLANG_WARN_ENUM_CONVERSION = YES;
				CLANG_WARN_INFINITE_RECURSION = YES;
				CLANG_WARN_INT_CONVERSION = YES;
				CLANG_WARN_NON_LITERAL_NULL_CONVERSION = YES;
				CLANG_WARN_OBJC_IMPLICIT_RETAIN_SELF = YES;
				CLANG_WARN_OBJC_LITERAL_CONVERSION = YES;
				CLANG_WARN_OBJC_ROOT_CLASS = YES_ERROR;
				CLANG_WARN_QUOTED_INCLUDE_IN_FRAMEWORK_HEADER = YES;
				CLANG_WARN_RANGE_LOOP_ANALYSIS = YES;
				CLANG_WARN_STRICT_PROTOTYPES = YES;
				CLANG_WARN_SUSPICIOUS_MOVE = YES;
				CLANG_WARN_UNGUARDED_AVAILABILITY = YES_AGGRESSIVE;
				CLANG_WARN_UNREACHABLE_CODE = YES;
				CLANG_WARN__DUPLICATE_METHOD_MATCH = YES;
				COPY_PHASE_STRIP = NO;
				DEBUG_INFORMATION_FORMAT = dwarf;
				ENABLE_STRICT_OBJC_MSGSEND = YES;
				ENABLE_TESTABILITY = YES;
				GCC_C_LANGUAGE_STANDARD = gnu11;
				GCC_DYNAMIC_NO_PIC = NO;
				GCC_NO_COMMON_BLOCKS = YES;
				GCC_OPTIMIZATION_LEVEL = 0;
				GCC_PREPROCESSOR_DEFINITIONS = (
					"DEBUG=1",
					"$(inherited)",
				);
				GCC_WARN_64_TO_32_BIT_CONVERSION = YES;
				GCC_WARN_ABOUT_RETURN_TYPE = YES_ERROR;
				GCC_WARN_UNDECLARED_SELECTOR = YES;
				GCC_WARN_UNINITIALIZED_AUTOS = YES_AGGRESSIVE;
				GCC_WARN_UNUSED_FUNCTION = YES;
				GCC_WARN_UNUSED_VARIABLE = YES;
				IPHONEOS_DEPLOYMENT_TARGET = 15.4;
				MTL_ENABLE_DEBUG_INFO = INCLUDE_SOURCE;
				MTL_FAST_MATH = YES;
				ONLY_ACTIVE_ARCH = YES;
				SDKROOT = iphoneos;
				SWIFT_ACTIVE_COMPILATION_CONDITIONS = DEBUG;
				SWIFT_OPTIMIZATION_LEVEL = "-Onone";
			};
			name = Debug;
		};
		0FFE1C322831AF8300373DAC /* Release */ = {
			isa = XCBuildConfiguration;
			buildSettings = {
				ALWAYS_SEARCH_USER_PATHS = NO;
				CLANG_ANALYZER_NONNULL = YES;
				CLANG_ANALYZER_NUMBER_OBJECT_CONVERSION = YES_AGGRESSIVE;
				CLANG_CXX_LANGUAGE_STANDARD = "gnu++17";
				CLANG_ENABLE_MODULES = YES;
				CLANG_ENABLE_OBJC_ARC = YES;
				CLANG_ENABLE_OBJC_WEAK = YES;
				CLANG_WARN_BLOCK_CAPTURE_AUTORELEASING = YES;
				CLANG_WARN_BOOL_CONVERSION = YES;
				CLANG_WARN_COMMA = YES;
				CLANG_WARN_CONSTANT_CONVERSION = YES;
				CLANG_WARN_DEPRECATED_OBJC_IMPLEMENTATIONS = YES;
				CLANG_WARN_DIRECT_OBJC_ISA_USAGE = YES_ERROR;
				CLANG_WARN_DOCUMENTATION_COMMENTS = YES;
				CLANG_WARN_EMPTY_BODY = YES;
				CLANG_WARN_ENUM_CONVERSION = YES;
				CLANG_WARN_INFINITE_RECURSION = YES;
				CLANG_WARN_INT_CONVERSION = YES;
				CLANG_WARN_NON_LITERAL_NULL_CONVERSION = YES;
				CLANG_WARN_OBJC_IMPLICIT_RETAIN_SELF = YES;
				CLANG_WARN_OBJC_LITERAL_CONVERSION = YES;
				CLANG_WARN_OBJC_ROOT_CLASS = YES_ERROR;
				CLANG_WARN_QUOTED_INCLUDE_IN_FRAMEWORK_HEADER = YES;
				CLANG_WARN_RANGE_LOOP_ANALYSIS = YES;
				CLANG_WARN_STRICT_PROTOTYPES = YES;
				CLANG_WARN_SUSPICIOUS_MOVE = YES;
				CLANG_WARN_UNGUARDED_AVAILABILITY = YES_AGGRESSIVE;
				CLANG_WARN_UNREACHABLE_CODE = YES;
				CLANG_WARN__DUPLICATE_METHOD_MATCH = YES;
				COPY_PHASE_STRIP = NO;
				DEBUG_INFORMATION_FORMAT = "dwarf-with-dsym";
				ENABLE_NS_ASSERTIONS = NO;
				ENABLE_STRICT_OBJC_MSGSEND = YES;
				GCC_C_LANGUAGE_STANDARD = gnu11;
				GCC_NO_COMMON_BLOCKS = YES;
				GCC_WARN_64_TO_32_BIT_CONVERSION = YES;
				GCC_WARN_ABOUT_RETURN_TYPE = YES_ERROR;
				GCC_WARN_UNDECLARED_SELECTOR = YES;
				GCC_WARN_UNINITIALIZED_AUTOS = YES_AGGRESSIVE;
				GCC_WARN_UNUSED_FUNCTION = YES;
				GCC_WARN_UNUSED_VARIABLE = YES;
				IPHONEOS_DEPLOYMENT_TARGET = 15.4;
				MTL_ENABLE_DEBUG_INFO = NO;
				MTL_FAST_MATH = YES;
				SDKROOT = iphoneos;
				SWIFT_COMPILATION_MODE = wholemodule;
				SWIFT_OPTIMIZATION_LEVEL = "-O";
				VALIDATE_PRODUCT = YES;
			};
			name = Release;
		};
		0FFE1C342831AF8300373DAC /* Debug */ = {
			isa = XCBuildConfiguration;
			buildSettings = {
				ASSETCATALOG_COMPILER_APPICON_NAME = AppIcon;
				ASSETCATALOG_COMPILER_GLOBAL_ACCENT_COLOR_NAME = AccentColor;
				CODE_SIGN_STYLE = Automatic;
				CURRENT_PROJECT_VERSION = 1;
				DEVELOPMENT_ASSET_PATHS = "\"TodoList/Preview Content\"";
				ENABLE_PREVIEWS = YES;
				GENERATE_INFOPLIST_FILE = YES;
				INFOPLIST_KEY_UIApplicationSceneManifest_Generation = YES;
				INFOPLIST_KEY_UIApplicationSupportsIndirectInputEvents = YES;
				INFOPLIST_KEY_UILaunchScreen_Generation = YES;
				INFOPLIST_KEY_UISupportedInterfaceOrientations_iPad = "UIInterfaceOrientationPortrait UIInterfaceOrientationPortraitUpsideDown UIInterfaceOrientationLandscapeLeft UIInterfaceOrientationLandscapeRight";
				INFOPLIST_KEY_UISupportedInterfaceOrientations_iPhone = "UIInterfaceOrientationPortrait UIInterfaceOrientationLandscapeLeft UIInterfaceOrientationLandscapeRight";
				LD_RUNPATH_SEARCH_PATHS = (
					"$(inherited)",
					"@executable_path/Frameworks",
				);
				MARKETING_VERSION = 1.0;
				PRODUCT_BUNDLE_IDENTIFIER = ismail.TodoList;
				PRODUCT_NAME = "$(TARGET_NAME)";
				SWIFT_EMIT_LOC_STRINGS = YES;
				SWIFT_VERSION = 5.0;
				TARGETED_DEVICE_FAMILY = "1,2";
			};
			name = Debug;
		};
		0FFE1C352831AF8300373DAC /* Release */ = {
			isa = XCBuildConfiguration;
			buildSettings = {
				ASSETCATALOG_COMPILER_APPICON_NAME = AppIcon;
				ASSETCATALOG_COMPILER_GLOBAL_ACCENT_COLOR_NAME = AccentColor;
				CODE_SIGN_STYLE = Automatic;
				CURRENT_PROJECT_VERSION = 1;
				DEVELOPMENT_ASSET_PATHS = "\"TodoList/Preview Content\"";
				ENABLE_PREVIEWS = YES;
				GENERATE_INFOPLIST_FILE = YES;
				INFOPLIST_KEY_UIApplicationSceneManifest_Generation = YES;
				INFOPLIST_KEY_UIApplicationSupportsIndirectInputEvents = YES;
				INFOPLIST_KEY_UILaunchScreen_Generation = YES;
				INFOPLIST_KEY_UISupportedInterfaceOrientations_iPad = "UIInterfaceOrientationPortrait UIInterfaceOrientationPortraitUpsideDown UIInterfaceOrientationLandscapeLeft UIInterfaceOrientationLandscapeRight";
				INFOPLIST_KEY_UISupportedInterfaceOrientations_iPhone = "UIInterfaceOrientationPortrait UIInterfaceOrientationLandscapeLeft UIInterfaceOrientationLandscapeRight";
				LD_RUNPATH_SEARCH_PATHS = (
					"$(inherited)",
					"@executable_path/Frameworks",
				);
				MARKETING_VERSION = 1.0;
				PRODUCT_BUNDLE_IDENTIFIER = ismail.TodoList;
				PRODUCT_NAME = "$(TARGET_NAME)";
				SWIFT_EMIT_LOC_STRINGS = YES;
				SWIFT_VERSION = 5.0;
				TARGETED_DEVICE_FAMILY = "1,2";
			};
			name = Release;
		};
/* End XCBuildConfiguration section */

/* Begin XCConfigurationList section */
		0FFE1C202831AF8200373DAC /* Build configuration list for PBXProject "TodoList" */ = {
			isa = XCConfigurationList;
			buildConfigurations = (
				0FFE1C312831AF8300373DAC /* Debug */,
				0FFE1C322831AF8300373DAC /* Release */,
			);
			defaultConfigurationIsVisible = 0;
			defaultConfigurationName = Release;
		};
		0FFE1C332831AF8300373DAC /* Build configuration list for PBXNativeTarget "TodoList" */ = {
			isa = XCConfigurationList;
			buildConfigurations = (
				0FFE1C342831AF8300373DAC /* Debug */,
				0FFE1C352831AF8300373DAC /* Release */,
			);
			defaultConfigurationIsVisible = 0;
			defaultConfigurationName = Release;
		};
/* End XCConfigurationList section */
	};
	rootObject = 0FFE1C1D2831AF8200373DAC /* Project object */;
}
